// !$*UTF8*$!
{
	archiveVersion = 1;
	classes = {
	};
	objectVersion = 46;
	objects = {

/* Begin PBXBuildFile section */
		FD234F621942C7B5000F0F4F /* libAdapterInMobi.a in Frameworks */ = {isa = PBXBuildFile; fileRef = FD234F611942C7B5000F0F4F /* libAdapterInMobi.a */; };
		FD3BB695190CDB18008D8798 /* JASidePanelController.m in Sources */ = {isa = PBXBuildFile; fileRef = FD3BB692190CDB18008D8798 /* JASidePanelController.m */; };
		FD3BB696190CDB18008D8798 /* UIViewController+JASidePanel.m in Sources */ = {isa = PBXBuildFile; fileRef = FD3BB694190CDB18008D8798 /* UIViewController+JASidePanel.m */; };
		FD3BB699190CDB33008D8798 /* AppViewController.m in Sources */ = {isa = PBXBuildFile; fileRef = FD3BB698190CDB33008D8798 /* AppViewController.m */; };
		FD3BB69C190CDB6D008D8798 /* MenuViewController.m in Sources */ = {isa = PBXBuildFile; fileRef = FD3BB69B190CDB6D008D8798 /* MenuViewController.m */; };
		FD3BB69F190CDB77008D8798 /* HomeViewController.m in Sources */ = {isa = PBXBuildFile; fileRef = FD3BB69E190CDB77008D8798 /* HomeViewController.m */; };
		FD3BB6A1190CDB8C008D8798 /* Storyboard.storyboard in Resources */ = {isa = PBXBuildFile; fileRef = FD3BB6A0190CDB8C008D8798 /* Storyboard.storyboard */; };
		FD3BB6A4190CE23D008D8798 /* StoreKit.framework in Frameworks */ = {isa = PBXBuildFile; fileRef = FD3BB6A3190CE23D008D8798 /* StoreKit.framework */; };
		FD3BB6A7190CEC07008D8798 /* GameViewController.m in Sources */ = {isa = PBXBuildFile; fileRef = FD3BB6A6190CEC07008D8798 /* GameViewController.m */; };
		FD3BB6AA190CEDEA008D8798 /* AdvertisementNavigationController.m in Sources */ = {isa = PBXBuildFile; fileRef = FD3BB6A9190CEDEA008D8798 /* AdvertisementNavigationController.m */; };
		FD3BB6BA190CEE5C008D8798 /* libGoogleAdMobAds.a in Frameworks */ = {isa = PBXBuildFile; fileRef = FD3BB6B9190CEE5C008D8798 /* libGoogleAdMobAds.a */; };
		FD3BB6BD190CEE94008D8798 /* ContentLock.m in Sources */ = {isa = PBXBuildFile; fileRef = FD3BB6BC190CEE94008D8798 /* ContentLock.m */; };
		FD3BB6C2190CEE9F008D8798 /* CoreDataStack.m in Sources */ = {isa = PBXBuildFile; fileRef = FD3BB6BF190CEE9F008D8798 /* CoreDataStack.m */; };
		FD3BB6C6190CEED5008D8798 /* libcrypto.a in Frameworks */ = {isa = PBXBuildFile; fileRef = FD3BB6C4190CEED5008D8798 /* libcrypto.a */; };
		FD3BB6C7190CEED5008D8798 /* libssl.a in Frameworks */ = {isa = PBXBuildFile; fileRef = FD3BB6C5190CEED5008D8798 /* libssl.a */; };
		FD3BB6C9190CEF2E008D8798 /* AVFoundation.framework in Frameworks */ = {isa = PBXBuildFile; fileRef = FD3BB6C8190CEF2E008D8798 /* AVFoundation.framework */; };
		FD3BB6CB190CEF37008D8798 /* AudioToolbox.framework in Frameworks */ = {isa = PBXBuildFile; fileRef = FD3BB6CA190CEF37008D8798 /* AudioToolbox.framework */; };
		FD3BB6CD190CEF42008D8798 /* AdSupport.framework in Frameworks */ = {isa = PBXBuildFile; fileRef = FD3BB6CC190CEF42008D8798 /* AdSupport.framework */; };
		FD3BB6CF190CEF4A008D8798 /* CoreTelephony.framework in Frameworks */ = {isa = PBXBuildFile; fileRef = FD3BB6CE190CEF4A008D8798 /* CoreTelephony.framework */; };
		FD3BB6D1190CEF53008D8798 /* Security.framework in Frameworks */ = {isa = PBXBuildFile; fileRef = FD3BB6D0190CEF53008D8798 /* Security.framework */; };
		FD3BB6D3190CEF5D008D8798 /* MobileCoreServices.framework in Frameworks */ = {isa = PBXBuildFile; fileRef = FD3BB6D2190CEF5D008D8798 /* MobileCoreServices.framework */; };
		FD3BB6D5190CEF67008D8798 /* CFNetwork.framework in Frameworks */ = {isa = PBXBuildFile; fileRef = FD3BB6D4190CEF67008D8798 /* CFNetwork.framework */; };
		FD3BB6D7190CEF8D008D8798 /* SystemConfiguration.framework in Frameworks */ = {isa = PBXBuildFile; fileRef = FD3BB6D6190CEF8D008D8798 /* SystemConfiguration.framework */; };
		FD568ED819567003003FB492 /* PlayButton.m in Sources */ = {isa = PBXBuildFile; fileRef = FD568ED719567003003FB492 /* PlayButton.m */; };
		FD5F2F8F19300D7200266546 /* UIImage+ImageEffects.m in Sources */ = {isa = PBXBuildFile; fileRef = FD5F2F8E19300D7200266546 /* UIImage+ImageEffects.m */; };
		FD85FA111945409900977C56 /* libGoogleAnalyticsServices.a in Frameworks */ = {isa = PBXBuildFile; fileRef = FD85FA101945409900977C56 /* libGoogleAnalyticsServices.a */; };
		FDA0DF811906773E009F5541 /* Foundation.framework in Frameworks */ = {isa = PBXBuildFile; fileRef = FDA0DF801906773E009F5541 /* Foundation.framework */; };
		FDA0DF831906773E009F5541 /* CoreGraphics.framework in Frameworks */ = {isa = PBXBuildFile; fileRef = FDA0DF821906773E009F5541 /* CoreGraphics.framework */; };
		FDA0DF851906773E009F5541 /* UIKit.framework in Frameworks */ = {isa = PBXBuildFile; fileRef = FDA0DF841906773E009F5541 /* UIKit.framework */; };
		FDA0DF8B1906773E009F5541 /* InfoPlist.strings in Resources */ = {isa = PBXBuildFile; fileRef = FDA0DF891906773E009F5541 /* InfoPlist.strings */; };
		FDA0DF8D1906773E009F5541 /* main.m in Sources */ = {isa = PBXBuildFile; fileRef = FDA0DF8C1906773E009F5541 /* main.m */; };
		FDA0DF911906773E009F5541 /* AppDelegate.m in Sources */ = {isa = PBXBuildFile; fileRef = FDA0DF901906773E009F5541 /* AppDelegate.m */; };
		FDA0DF931906773E009F5541 /* Images.xcassets in Resources */ = {isa = PBXBuildFile; fileRef = FDA0DF921906773E009F5541 /* Images.xcassets */; };
		FDA3F208191DEDCB007D07A8 /* GameViewController+SocialMedia.m in Sources */ = {isa = PBXBuildFile; fileRef = FDA3F207191DEDCB007D07A8 /* GameViewController+SocialMedia.m */; };
		FDA3F20C19202834007D07A8 /* FacebookSDK.framework in Frameworks */ = {isa = PBXBuildFile; fileRef = FDA3F20B19202834007D07A8 /* FacebookSDK.framework */; };
		FDA8CBE21942B6EB0024383C /* ProductButton.m in Sources */ = {isa = PBXBuildFile; fileRef = FDA8CBE11942B6EB0024383C /* ProductButton.m */; };
		FDBCAA1C193F18D300D5A696 /* GameViewController+Animations.m in Sources */ = {isa = PBXBuildFile; fileRef = FDBCAA1B193F18D300D5A696 /* GameViewController+Animations.m */; };
		FDBCAA27193F307700D5A696 /* libsqlite3.dylib in Frameworks */ = {isa = PBXBuildFile; fileRef = FDBCAA26193F307700D5A696 /* libsqlite3.dylib */; };
		FDBCAA35193F313600D5A696 /* libInMobi-4.3.0.a in Frameworks */ = {isa = PBXBuildFile; fileRef = FDBCAA34193F313600D5A696 /* libInMobi-4.3.0.a */; };
		FDBCAA37193F314400D5A696 /* EventKitUI.framework in Frameworks */ = {isa = PBXBuildFile; fileRef = FDBCAA36193F314400D5A696 /* EventKitUI.framework */; };
		FDCAEEC8190CFDAB00F6A640 /* UINumberField.m in Sources */ = {isa = PBXBuildFile; fileRef = FDCAEEC7190CFDAB00F6A640 /* UINumberField.m */; };
		FDCAEF43190D765500F6A640 /* Data.xcdatamodeld in Sources */ = {isa = PBXBuildFile; fileRef = FDCAEF41190D765500F6A640 /* Data.xcdatamodeld */; };
		FDCAEF5E190E18C700F6A640 /* _Level.m in Sources */ = {isa = PBXBuildFile; fileRef = FDCAEF5C190E18C700F6A640 /* _Level.m */; };
		FDCAEF5F190E18C700F6A640 /* _Question.m in Sources */ = {isa = PBXBuildFile; fileRef = FDCAEF5D190E18C700F6A640 /* _Question.m */; };
		FDCAEF65190E18E500F6A640 /* Level.m in Sources */ = {isa = PBXBuildFile; fileRef = FDCAEF62190E18E500F6A640 /* Level.m */; };
		FDCAEF66190E18E500F6A640 /* Question.m in Sources */ = {isa = PBXBuildFile; fileRef = FDCAEF64190E18E500F6A640 /* Question.m */; };
		FDEB626D1913851F00BCA8D3 /* NSLocale+ContentLanguages.m in Sources */ = {isa = PBXBuildFile; fileRef = FDEB626A1913851F00BCA8D3 /* NSLocale+ContentLanguages.m */; };
		FDEB626E1913851F00BCA8D3 /* NSBundle+Seeding.m in Sources */ = {isa = PBXBuildFile; fileRef = FDEB626C1913851F00BCA8D3 /* NSBundle+Seeding.m */; };
		FDEB6276191386A700BCA8D3 /* Seed Data in Resources */ = {isa = PBXBuildFile; fileRef = FDEB6275191386A700BCA8D3 /* Seed Data */; };
		FDEB627B191386D900BCA8D3 /* Score.m in Sources */ = {isa = PBXBuildFile; fileRef = FDEB6278191386D900BCA8D3 /* Score.m */; };
		FDEB627C191386D900BCA8D3 /* ScoreSheet.m in Sources */ = {isa = PBXBuildFile; fileRef = FDEB627A191386D900BCA8D3 /* ScoreSheet.m */; };
		FDEB627F191386E200BCA8D3 /* _Score.m in Sources */ = {isa = PBXBuildFile; fileRef = FDEB627D191386E200BCA8D3 /* _Score.m */; };
		FDEB6280191386E200BCA8D3 /* _ScoreSheet.m in Sources */ = {isa = PBXBuildFile; fileRef = FDEB627E191386E200BCA8D3 /* _ScoreSheet.m */; };
		FDEB62841913A5EE00BCA8D3 /* LifeBank.m in Sources */ = {isa = PBXBuildFile; fileRef = FDEB62831913A5EE00BCA8D3 /* LifeBank.m */; };
		FDEB62871913ABA100BCA8D3 /* StoreViewController.m in Sources */ = {isa = PBXBuildFile; fileRef = FDEB62861913ABA100BCA8D3 /* StoreViewController.m */; };
		FDEB628E1913C52400BCA8D3 /* LifeCountView.m in Sources */ = {isa = PBXBuildFile; fileRef = FDEB628D1913C52400BCA8D3 /* LifeCountView.m */; };
		FDEB62911913D94F00BCA8D3 /* AdColony.framework in Frameworks */ = {isa = PBXBuildFile; fileRef = FDEB62901913D94F00BCA8D3 /* AdColony.framework */; };
		FDEB62931913DB7500BCA8D3 /* CoreMedia.framework in Frameworks */ = {isa = PBXBuildFile; fileRef = FDEB62921913DB7500BCA8D3 /* CoreMedia.framework */; };
		FDEB62951913DB7B00BCA8D3 /* EventKit.framework in Frameworks */ = {isa = PBXBuildFile; fileRef = FDEB62941913DB7B00BCA8D3 /* EventKit.framework */; };
		FDEB62971913DB8400BCA8D3 /* Social.framework in Frameworks */ = {isa = PBXBuildFile; fileRef = FDEB62961913DB8400BCA8D3 /* Social.framework */; };
		FDEB62991913DB8D00BCA8D3 /* libz.dylib in Frameworks */ = {isa = PBXBuildFile; fileRef = FDEB62981913DB8D00BCA8D3 /* libz.dylib */; };
		FDEB629B1913DB9700BCA8D3 /* MediaPlayer.framework in Frameworks */ = {isa = PBXBuildFile; fileRef = FDEB629A1913DB9700BCA8D3 /* MediaPlayer.framework */; };
		FDEDCEDF1943F26E004FE801 /* JokerButton.m in Sources */ = {isa = PBXBuildFile; fileRef = FDEDCEDE1943F26E004FE801 /* JokerButton.m */; };
		FDFF1E8C191921470099665A /* GuessView.m in Sources */ = {isa = PBXBuildFile; fileRef = FDFF1E8B191921470099665A /* GuessView.m */; };
/* End PBXBuildFile section */

/* Begin PBXFileReference section */
		FD234F611942C7B5000F0F4F /* libAdapterInMobi.a */ = {isa = PBXFileReference; lastKnownFileType = archive.ar; path = libAdapterInMobi.a; sourceTree = "<group>"; };
		FD3BB691190CDB18008D8798 /* JASidePanelController.h */ = {isa = PBXFileReference; fileEncoding = 4; lastKnownFileType = sourcecode.c.h; path = JASidePanelController.h; sourceTree = "<group>"; };
		FD3BB692190CDB18008D8798 /* JASidePanelController.m */ = {isa = PBXFileReference; fileEncoding = 4; lastKnownFileType = sourcecode.c.objc; path = JASidePanelController.m; sourceTree = "<group>"; };
		FD3BB693190CDB18008D8798 /* UIViewController+JASidePanel.h */ = {isa = PBXFileReference; fileEncoding = 4; lastKnownFileType = sourcecode.c.h; path = "UIViewController+JASidePanel.h"; sourceTree = "<group>"; };
		FD3BB694190CDB18008D8798 /* UIViewController+JASidePanel.m */ = {isa = PBXFileReference; fileEncoding = 4; lastKnownFileType = sourcecode.c.objc; path = "UIViewController+JASidePanel.m"; sourceTree = "<group>"; };
		FD3BB697190CDB33008D8798 /* AppViewController.h */ = {isa = PBXFileReference; fileEncoding = 4; lastKnownFileType = sourcecode.c.h; path = AppViewController.h; sourceTree = "<group>"; };
		FD3BB698190CDB33008D8798 /* AppViewController.m */ = {isa = PBXFileReference; fileEncoding = 4; lastKnownFileType = sourcecode.c.objc; path = AppViewController.m; sourceTree = "<group>"; };
		FD3BB69A190CDB6D008D8798 /* MenuViewController.h */ = {isa = PBXFileReference; fileEncoding = 4; lastKnownFileType = sourcecode.c.h; path = MenuViewController.h; sourceTree = "<group>"; };
		FD3BB69B190CDB6D008D8798 /* MenuViewController.m */ = {isa = PBXFileReference; fileEncoding = 4; lastKnownFileType = sourcecode.c.objc; path = MenuViewController.m; sourceTree = "<group>"; };
		FD3BB69D190CDB77008D8798 /* HomeViewController.h */ = {isa = PBXFileReference; fileEncoding = 4; lastKnownFileType = sourcecode.c.h; path = HomeViewController.h; sourceTree = "<group>"; };
		FD3BB69E190CDB77008D8798 /* HomeViewController.m */ = {isa = PBXFileReference; fileEncoding = 4; lastKnownFileType = sourcecode.c.objc; path = HomeViewController.m; sourceTree = "<group>"; };
		FD3BB6A0190CDB8C008D8798 /* Storyboard.storyboard */ = {isa = PBXFileReference; fileEncoding = 4; lastKnownFileType = file.storyboard; name = Storyboard.storyboard; path = JustNumber/Storyboard.storyboard; sourceTree = "<group>"; };
		FD3BB6A2190CE22F008D8798 /* JustNumber.entitlements */ = {isa = PBXFileReference; lastKnownFileType = text.xml; name = JustNumber.entitlements; path = JustNumber/JustNumber.entitlements; sourceTree = "<group>"; };
		FD3BB6A3190CE23D008D8798 /* StoreKit.framework */ = {isa = PBXFileReference; lastKnownFileType = wrapper.framework; name = StoreKit.framework; path = System/Library/Frameworks/StoreKit.framework; sourceTree = SDKROOT; };
		FD3BB6A5190CEC07008D8798 /* GameViewController.h */ = {isa = PBXFileReference; fileEncoding = 4; lastKnownFileType = sourcecode.c.h; path = GameViewController.h; sourceTree = "<group>"; };
		FD3BB6A6190CEC07008D8798 /* GameViewController.m */ = {isa = PBXFileReference; fileEncoding = 4; lastKnownFileType = sourcecode.c.objc; path = GameViewController.m; sourceTree = "<group>"; };
		FD3BB6A8190CEDEA008D8798 /* AdvertisementNavigationController.h */ = {isa = PBXFileReference; fileEncoding = 4; lastKnownFileType = sourcecode.c.h; path = AdvertisementNavigationController.h; sourceTree = "<group>"; };
		FD3BB6A9190CEDEA008D8798 /* AdvertisementNavigationController.m */ = {isa = PBXFileReference; fileEncoding = 4; lastKnownFileType = sourcecode.c.objc; path = AdvertisementNavigationController.m; sourceTree = "<group>"; };
		FD3BB6B0190CEE5C008D8798 /* GADAdMobExtras.h */ = {isa = PBXFileReference; fileEncoding = 4; lastKnownFileType = sourcecode.c.h; path = GADAdMobExtras.h; sourceTree = "<group>"; };
		FD3BB6B1190CEE5C008D8798 /* GADAdNetworkExtras.h */ = {isa = PBXFileReference; fileEncoding = 4; lastKnownFileType = sourcecode.c.h; path = GADAdNetworkExtras.h; sourceTree = "<group>"; };
		FD3BB6B2190CEE5C008D8798 /* GADAdSize.h */ = {isa = PBXFileReference; fileEncoding = 4; lastKnownFileType = sourcecode.c.h; path = GADAdSize.h; sourceTree = "<group>"; };
		FD3BB6B3190CEE5C008D8798 /* GADBannerView.h */ = {isa = PBXFileReference; fileEncoding = 4; lastKnownFileType = sourcecode.c.h; path = GADBannerView.h; sourceTree = "<group>"; };
		FD3BB6B4190CEE5C008D8798 /* GADBannerViewDelegate.h */ = {isa = PBXFileReference; fileEncoding = 4; lastKnownFileType = sourcecode.c.h; path = GADBannerViewDelegate.h; sourceTree = "<group>"; };
		FD3BB6B5190CEE5C008D8798 /* GADInterstitial.h */ = {isa = PBXFileReference; fileEncoding = 4; lastKnownFileType = sourcecode.c.h; path = GADInterstitial.h; sourceTree = "<group>"; };
		FD3BB6B6190CEE5C008D8798 /* GADInterstitialDelegate.h */ = {isa = PBXFileReference; fileEncoding = 4; lastKnownFileType = sourcecode.c.h; path = GADInterstitialDelegate.h; sourceTree = "<group>"; };
		FD3BB6B7190CEE5C008D8798 /* GADRequest.h */ = {isa = PBXFileReference; fileEncoding = 4; lastKnownFileType = sourcecode.c.h; path = GADRequest.h; sourceTree = "<group>"; };
		FD3BB6B8190CEE5C008D8798 /* GADRequestError.h */ = {isa = PBXFileReference; fileEncoding = 4; lastKnownFileType = sourcecode.c.h; path = GADRequestError.h; sourceTree = "<group>"; };
		FD3BB6B9190CEE5C008D8798 /* libGoogleAdMobAds.a */ = {isa = PBXFileReference; lastKnownFileType = archive.ar; path = libGoogleAdMobAds.a; sourceTree = "<group>"; };
		FD3BB6BB190CEE94008D8798 /* ContentLock.h */ = {isa = PBXFileReference; fileEncoding = 4; lastKnownFileType = sourcecode.c.h; path = ContentLock.h; sourceTree = "<group>"; };
		FD3BB6BC190CEE94008D8798 /* ContentLock.m */ = {isa = PBXFileReference; fileEncoding = 4; lastKnownFileType = sourcecode.c.objc; path = ContentLock.m; sourceTree = "<group>"; };
		FD3BB6BE190CEE9F008D8798 /* CoreDataStack.h */ = {isa = PBXFileReference; fileEncoding = 4; lastKnownFileType = sourcecode.c.h; path = CoreDataStack.h; sourceTree = "<group>"; };
		FD3BB6BF190CEE9F008D8798 /* CoreDataStack.m */ = {isa = PBXFileReference; fileEncoding = 4; lastKnownFileType = sourcecode.c.objc; path = CoreDataStack.m; sourceTree = "<group>"; };
		FD3BB6C4190CEED5008D8798 /* libcrypto.a */ = {isa = PBXFileReference; lastKnownFileType = archive.ar; name = libcrypto.a; path = OpenSSL/libcrypto.a; sourceTree = "<group>"; };
		FD3BB6C5190CEED5008D8798 /* libssl.a */ = {isa = PBXFileReference; lastKnownFileType = archive.ar; name = libssl.a; path = OpenSSL/libssl.a; sourceTree = "<group>"; };
		FD3BB6C8190CEF2E008D8798 /* AVFoundation.framework */ = {isa = PBXFileReference; lastKnownFileType = wrapper.framework; name = AVFoundation.framework; path = System/Library/Frameworks/AVFoundation.framework; sourceTree = SDKROOT; };
		FD3BB6CA190CEF37008D8798 /* AudioToolbox.framework */ = {isa = PBXFileReference; lastKnownFileType = wrapper.framework; name = AudioToolbox.framework; path = System/Library/Frameworks/AudioToolbox.framework; sourceTree = SDKROOT; };
		FD3BB6CC190CEF42008D8798 /* AdSupport.framework */ = {isa = PBXFileReference; lastKnownFileType = wrapper.framework; name = AdSupport.framework; path = System/Library/Frameworks/AdSupport.framework; sourceTree = SDKROOT; };
		FD3BB6CE190CEF4A008D8798 /* CoreTelephony.framework */ = {isa = PBXFileReference; lastKnownFileType = wrapper.framework; name = CoreTelephony.framework; path = System/Library/Frameworks/CoreTelephony.framework; sourceTree = SDKROOT; };
		FD3BB6D0190CEF53008D8798 /* Security.framework */ = {isa = PBXFileReference; lastKnownFileType = wrapper.framework; name = Security.framework; path = System/Library/Frameworks/Security.framework; sourceTree = SDKROOT; };
		FD3BB6D2190CEF5D008D8798 /* MobileCoreServices.framework */ = {isa = PBXFileReference; lastKnownFileType = wrapper.framework; name = MobileCoreServices.framework; path = System/Library/Frameworks/MobileCoreServices.framework; sourceTree = SDKROOT; };
		FD3BB6D4190CEF67008D8798 /* CFNetwork.framework */ = {isa = PBXFileReference; lastKnownFileType = wrapper.framework; name = CFNetwork.framework; path = System/Library/Frameworks/CFNetwork.framework; sourceTree = SDKROOT; };
		FD3BB6D6190CEF8D008D8798 /* SystemConfiguration.framework */ = {isa = PBXFileReference; lastKnownFileType = wrapper.framework; name = SystemConfiguration.framework; path = System/Library/Frameworks/SystemConfiguration.framework; sourceTree = SDKROOT; };
		FD568ED619567003003FB492 /* PlayButton.h */ = {isa = PBXFileReference; fileEncoding = 4; lastKnownFileType = sourcecode.c.h; path = PlayButton.h; sourceTree = "<group>"; };
		FD568ED719567003003FB492 /* PlayButton.m */ = {isa = PBXFileReference; fileEncoding = 4; lastKnownFileType = sourcecode.c.objc; path = PlayButton.m; sourceTree = "<group>"; };
		FD5F2F8D19300D7200266546 /* UIImage+ImageEffects.h */ = {isa = PBXFileReference; fileEncoding = 4; lastKnownFileType = sourcecode.c.h; name = "UIImage+ImageEffects.h"; path = "JustNumber/UIImage+ImageEffects.h"; sourceTree = "<group>"; };
		FD5F2F8E19300D7200266546 /* UIImage+ImageEffects.m */ = {isa = PBXFileReference; fileEncoding = 4; lastKnownFileType = sourcecode.c.objc; name = "UIImage+ImageEffects.m"; path = "JustNumber/UIImage+ImageEffects.m"; sourceTree = "<group>"; };
		FD85FA0A1945409900977C56 /* GAI.h */ = {isa = PBXFileReference; fileEncoding = 4; lastKnownFileType = sourcecode.c.h; path = GAI.h; sourceTree = "<group>"; };
		FD85FA0B1945409900977C56 /* GAIDictionaryBuilder.h */ = {isa = PBXFileReference; fileEncoding = 4; lastKnownFileType = sourcecode.c.h; path = GAIDictionaryBuilder.h; sourceTree = "<group>"; };
		FD85FA0C1945409900977C56 /* GAIFields.h */ = {isa = PBXFileReference; fileEncoding = 4; lastKnownFileType = sourcecode.c.h; path = GAIFields.h; sourceTree = "<group>"; };
		FD85FA0D1945409900977C56 /* GAILogger.h */ = {isa = PBXFileReference; fileEncoding = 4; lastKnownFileType = sourcecode.c.h; path = GAILogger.h; sourceTree = "<group>"; };
		FD85FA0E1945409900977C56 /* GAITrackedViewController.h */ = {isa = PBXFileReference; fileEncoding = 4; lastKnownFileType = sourcecode.c.h; path = GAITrackedViewController.h; sourceTree = "<group>"; };
		FD85FA0F1945409900977C56 /* GAITracker.h */ = {isa = PBXFileReference; fileEncoding = 4; lastKnownFileType = sourcecode.c.h; path = GAITracker.h; sourceTree = "<group>"; };
		FD85FA101945409900977C56 /* libGoogleAnalyticsServices.a */ = {isa = PBXFileReference; lastKnownFileType = archive.ar; path = libGoogleAnalyticsServices.a; sourceTree = "<group>"; };
		FD9B21D81913828500D6129A /* UIApplication+Versioning.h */ = {isa = PBXFileReference; fileEncoding = 4; lastKnownFileType = sourcecode.c.h; path = "UIApplication+Versioning.h"; sourceTree = "<group>"; };
		FD9B21D91913828500D6129A /* UIApplication+Versioning.m */ = {isa = PBXFileReference; fileEncoding = 4; lastKnownFileType = sourcecode.c.objc; path = "UIApplication+Versioning.m"; sourceTree = "<group>"; };
		FDA0DF7D1906773E009F5541 /* JustNumber.app */ = {isa = PBXFileReference; explicitFileType = wrapper.application; includeInIndex = 0; path = JustNumber.app; sourceTree = BUILT_PRODUCTS_DIR; };
		FDA0DF801906773E009F5541 /* Foundation.framework */ = {isa = PBXFileReference; lastKnownFileType = wrapper.framework; name = Foundation.framework; path = System/Library/Frameworks/Foundation.framework; sourceTree = SDKROOT; };
		FDA0DF821906773E009F5541 /* CoreGraphics.framework */ = {isa = PBXFileReference; lastKnownFileType = wrapper.framework; name = CoreGraphics.framework; path = System/Library/Frameworks/CoreGraphics.framework; sourceTree = SDKROOT; };
		FDA0DF841906773E009F5541 /* UIKit.framework */ = {isa = PBXFileReference; lastKnownFileType = wrapper.framework; name = UIKit.framework; path = System/Library/Frameworks/UIKit.framework; sourceTree = SDKROOT; };
		FDA0DF881906773E009F5541 /* JustNumber-Info.plist */ = {isa = PBXFileReference; lastKnownFileType = text.plist.xml; name = "JustNumber-Info.plist"; path = "JustNumber/JustNumber-Info.plist"; sourceTree = "<group>"; };
		FDA0DF8A1906773E009F5541 /* en */ = {isa = PBXFileReference; lastKnownFileType = text.plist.strings; name = en; path = en.lproj/InfoPlist.strings; sourceTree = "<group>"; };
		FDA0DF8C1906773E009F5541 /* main.m */ = {isa = PBXFileReference; lastKnownFileType = sourcecode.c.objc; path = main.m; sourceTree = "<group>"; };
		FDA0DF8E1906773E009F5541 /* JustNumber-Prefix.pch */ = {isa = PBXFileReference; lastKnownFileType = sourcecode.c.h; path = "JustNumber-Prefix.pch"; sourceTree = "<group>"; };
		FDA0DF8F1906773E009F5541 /* AppDelegate.h */ = {isa = PBXFileReference; lastKnownFileType = sourcecode.c.h; path = AppDelegate.h; sourceTree = "<group>"; };
		FDA0DF901906773E009F5541 /* AppDelegate.m */ = {isa = PBXFileReference; lastKnownFileType = sourcecode.c.objc; path = AppDelegate.m; sourceTree = "<group>"; };
		FDA0DF921906773E009F5541 /* Images.xcassets */ = {isa = PBXFileReference; lastKnownFileType = folder.assetcatalog; name = Images.xcassets; path = JustNumber/Images.xcassets; sourceTree = "<group>"; };
		FDA0DF991906773E009F5541 /* XCTest.framework */ = {isa = PBXFileReference; lastKnownFileType = wrapper.framework; name = XCTest.framework; path = Library/Frameworks/XCTest.framework; sourceTree = DEVELOPER_DIR; };
		FDA0DFCD1906B7DA009F5541 /* sb_juste_nombre.pdf */ = {isa = PBXFileReference; lastKnownFileType = image.pdf; name = sb_juste_nombre.pdf; path = ../../sb_juste_nombre.pdf; sourceTree = "<group>"; };
		FDA3F206191DEDCB007D07A8 /* GameViewController+SocialMedia.h */ = {isa = PBXFileReference; fileEncoding = 4; lastKnownFileType = sourcecode.c.h; path = "GameViewController+SocialMedia.h"; sourceTree = "<group>"; };
		FDA3F207191DEDCB007D07A8 /* GameViewController+SocialMedia.m */ = {isa = PBXFileReference; fileEncoding = 4; lastKnownFileType = sourcecode.c.objc; path = "GameViewController+SocialMedia.m"; sourceTree = "<group>"; };
		FDA3F20B19202834007D07A8 /* FacebookSDK.framework */ = {isa = PBXFileReference; lastKnownFileType = wrapper.framework; path = FacebookSDK.framework; sourceTree = "<group>"; };
		FDA8CBE01942B6EB0024383C /* ProductButton.h */ = {isa = PBXFileReference; fileEncoding = 4; lastKnownFileType = sourcecode.c.h; path = ProductButton.h; sourceTree = "<group>"; };
		FDA8CBE11942B6EB0024383C /* ProductButton.m */ = {isa = PBXFileReference; fileEncoding = 4; lastKnownFileType = sourcecode.c.objc; path = ProductButton.m; sourceTree = "<group>"; };
		FDBCAA1A193F18D300D5A696 /* GameViewController+Animations.h */ = {isa = PBXFileReference; fileEncoding = 4; lastKnownFileType = sourcecode.c.h; path = "GameViewController+Animations.h"; sourceTree = "<group>"; };
		FDBCAA1B193F18D300D5A696 /* GameViewController+Animations.m */ = {isa = PBXFileReference; fileEncoding = 4; lastKnownFileType = sourcecode.c.objc; path = "GameViewController+Animations.m"; sourceTree = "<group>"; };
		FDBCAA26193F307700D5A696 /* libsqlite3.dylib */ = {isa = PBXFileReference; lastKnownFileType = "compiled.mach-o.dylib"; name = libsqlite3.dylib; path = usr/lib/libsqlite3.dylib; sourceTree = SDKROOT; };
		FDBCAA29193F313600D5A696 /* IMBanner.h */ = {isa = PBXFileReference; fileEncoding = 4; lastKnownFileType = sourcecode.c.h; path = IMBanner.h; sourceTree = "<group>"; };
		FDBCAA2A193F313600D5A696 /* IMBannerDelegate.h */ = {isa = PBXFileReference; fileEncoding = 4; lastKnownFileType = sourcecode.c.h; path = IMBannerDelegate.h; sourceTree = "<group>"; };
		FDBCAA2B193F313600D5A696 /* IMConstants.h */ = {isa = PBXFileReference; fileEncoding = 4; lastKnownFileType = sourcecode.c.h; path = IMConstants.h; sourceTree = "<group>"; };
		FDBCAA2C193F313600D5A696 /* IMError.h */ = {isa = PBXFileReference; fileEncoding = 4; lastKnownFileType = sourcecode.c.h; path = IMError.h; sourceTree = "<group>"; };
		FDBCAA2D193F313600D5A696 /* IMIncentivisedDelegate.h */ = {isa = PBXFileReference; fileEncoding = 4; lastKnownFileType = sourcecode.c.h; path = IMIncentivisedDelegate.h; sourceTree = "<group>"; };
		FDBCAA2E193F313600D5A696 /* IMInterstitial.h */ = {isa = PBXFileReference; fileEncoding = 4; lastKnownFileType = sourcecode.c.h; path = IMInterstitial.h; sourceTree = "<group>"; };
		FDBCAA2F193F313600D5A696 /* IMInterstitialDelegate.h */ = {isa = PBXFileReference; fileEncoding = 4; lastKnownFileType = sourcecode.c.h; path = IMInterstitialDelegate.h; sourceTree = "<group>"; };
		FDBCAA30193F313600D5A696 /* IMNative.h */ = {isa = PBXFileReference; fileEncoding = 4; lastKnownFileType = sourcecode.c.h; path = IMNative.h; sourceTree = "<group>"; };
		FDBCAA31193F313600D5A696 /* IMNativeDelegate.h */ = {isa = PBXFileReference; fileEncoding = 4; lastKnownFileType = sourcecode.c.h; path = IMNativeDelegate.h; sourceTree = "<group>"; };
		FDBCAA32193F313600D5A696 /* InMobi.h */ = {isa = PBXFileReference; fileEncoding = 4; lastKnownFileType = sourcecode.c.h; path = InMobi.h; sourceTree = "<group>"; };
		FDBCAA33193F313600D5A696 /* InMobiAnalytics.h */ = {isa = PBXFileReference; fileEncoding = 4; lastKnownFileType = sourcecode.c.h; path = InMobiAnalytics.h; sourceTree = "<group>"; };
		FDBCAA34193F313600D5A696 /* libInMobi-4.3.0.a */ = {isa = PBXFileReference; lastKnownFileType = archive.ar; path = "libInMobi-4.3.0.a"; sourceTree = "<group>"; };
		FDBCAA36193F314400D5A696 /* EventKitUI.framework */ = {isa = PBXFileReference; lastKnownFileType = wrapper.framework; name = EventKitUI.framework; path = System/Library/Frameworks/EventKitUI.framework; sourceTree = SDKROOT; };
		FDCAEEC6190CFDAB00F6A640 /* UINumberField.h */ = {isa = PBXFileReference; fileEncoding = 4; lastKnownFileType = sourcecode.c.h; path = UINumberField.h; sourceTree = "<group>"; };
		FDCAEEC7190CFDAB00F6A640 /* UINumberField.m */ = {isa = PBXFileReference; fileEncoding = 4; lastKnownFileType = sourcecode.c.objc; path = UINumberField.m; sourceTree = "<group>"; };
		FDCAEF42190D765500F6A640 /* Data.xcdatamodel */ = {isa = PBXFileReference; lastKnownFileType = wrapper.xcdatamodel; path = Data.xcdatamodel; sourceTree = "<group>"; };
		FDCAEF5C190E18C700F6A640 /* _Level.m */ = {isa = PBXFileReference; fileEncoding = 4; lastKnownFileType = sourcecode.c.objc; name = _Level.m; path = JustNumber/_Level.m; sourceTree = "<group>"; };
		FDCAEF5D190E18C700F6A640 /* _Question.m */ = {isa = PBXFileReference; fileEncoding = 4; lastKnownFileType = sourcecode.c.objc; name = _Question.m; path = JustNumber/_Question.m; sourceTree = "<group>"; };
		FDCAEF61190E18E500F6A640 /* Level.h */ = {isa = PBXFileReference; fileEncoding = 4; lastKnownFileType = sourcecode.c.h; path = Level.h; sourceTree = "<group>"; };
		FDCAEF62190E18E500F6A640 /* Level.m */ = {isa = PBXFileReference; fileEncoding = 4; lastKnownFileType = sourcecode.c.objc; path = Level.m; sourceTree = "<group>"; };
		FDCAEF63190E18E500F6A640 /* Question.h */ = {isa = PBXFileReference; fileEncoding = 4; lastKnownFileType = sourcecode.c.h; path = Question.h; sourceTree = "<group>"; };
		FDCAEF64190E18E500F6A640 /* Question.m */ = {isa = PBXFileReference; fileEncoding = 4; lastKnownFileType = sourcecode.c.objc; path = Question.m; sourceTree = "<group>"; };
		FDEB62691913851F00BCA8D3 /* NSLocale+ContentLanguages.h */ = {isa = PBXFileReference; fileEncoding = 4; lastKnownFileType = sourcecode.c.h; path = "NSLocale+ContentLanguages.h"; sourceTree = "<group>"; };
		FDEB626A1913851F00BCA8D3 /* NSLocale+ContentLanguages.m */ = {isa = PBXFileReference; fileEncoding = 4; lastKnownFileType = sourcecode.c.objc; path = "NSLocale+ContentLanguages.m"; sourceTree = "<group>"; };
		FDEB626B1913851F00BCA8D3 /* NSBundle+Seeding.h */ = {isa = PBXFileReference; fileEncoding = 4; lastKnownFileType = sourcecode.c.h; path = "NSBundle+Seeding.h"; sourceTree = "<group>"; };
		FDEB626C1913851F00BCA8D3 /* NSBundle+Seeding.m */ = {isa = PBXFileReference; fileEncoding = 4; lastKnownFileType = sourcecode.c.objc; path = "NSBundle+Seeding.m"; sourceTree = "<group>"; };
		FDEB6275191386A700BCA8D3 /* Seed Data */ = {isa = PBXFileReference; lastKnownFileType = folder; name = "Seed Data"; path = "JustNumber/Seed Data"; sourceTree = "<group>"; };
		FDEB6277191386D900BCA8D3 /* Score.h */ = {isa = PBXFileReference; fileEncoding = 4; lastKnownFileType = sourcecode.c.h; path = Score.h; sourceTree = "<group>"; };
		FDEB6278191386D900BCA8D3 /* Score.m */ = {isa = PBXFileReference; fileEncoding = 4; lastKnownFileType = sourcecode.c.objc; path = Score.m; sourceTree = "<group>"; };
		FDEB6279191386D900BCA8D3 /* ScoreSheet.h */ = {isa = PBXFileReference; fileEncoding = 4; lastKnownFileType = sourcecode.c.h; path = ScoreSheet.h; sourceTree = "<group>"; };
		FDEB627A191386D900BCA8D3 /* ScoreSheet.m */ = {isa = PBXFileReference; fileEncoding = 4; lastKnownFileType = sourcecode.c.objc; path = ScoreSheet.m; sourceTree = "<group>"; };
		FDEB627D191386E200BCA8D3 /* _Score.m */ = {isa = PBXFileReference; fileEncoding = 4; lastKnownFileType = sourcecode.c.objc; name = _Score.m; path = JustNumber/_Score.m; sourceTree = "<group>"; };
		FDEB627E191386E200BCA8D3 /* _ScoreSheet.m */ = {isa = PBXFileReference; fileEncoding = 4; lastKnownFileType = sourcecode.c.objc; name = _ScoreSheet.m; path = JustNumber/_ScoreSheet.m; sourceTree = "<group>"; };
		FDEB62821913A5EE00BCA8D3 /* LifeBank.h */ = {isa = PBXFileReference; fileEncoding = 4; lastKnownFileType = sourcecode.c.h; path = LifeBank.h; sourceTree = "<group>"; };
		FDEB62831913A5EE00BCA8D3 /* LifeBank.m */ = {isa = PBXFileReference; fileEncoding = 4; lastKnownFileType = sourcecode.c.objc; path = LifeBank.m; sourceTree = "<group>"; };
		FDEB62851913ABA100BCA8D3 /* StoreViewController.h */ = {isa = PBXFileReference; fileEncoding = 4; lastKnownFileType = sourcecode.c.h; path = StoreViewController.h; sourceTree = "<group>"; };
		FDEB62861913ABA100BCA8D3 /* StoreViewController.m */ = {isa = PBXFileReference; fileEncoding = 4; lastKnownFileType = sourcecode.c.objc; path = StoreViewController.m; sourceTree = "<group>"; };
		FDEB628C1913C52400BCA8D3 /* LifeCountView.h */ = {isa = PBXFileReference; fileEncoding = 4; lastKnownFileType = sourcecode.c.h; path = LifeCountView.h; sourceTree = "<group>"; };
		FDEB628D1913C52400BCA8D3 /* LifeCountView.m */ = {isa = PBXFileReference; fileEncoding = 4; lastKnownFileType = sourcecode.c.objc; path = LifeCountView.m; sourceTree = "<group>"; };
		FDEB62901913D94F00BCA8D3 /* AdColony.framework */ = {isa = PBXFileReference; lastKnownFileType = wrapper.framework; name = AdColony.framework; path = AdColony/AdColony.framework; sourceTree = "<group>"; };
		FDEB62921913DB7500BCA8D3 /* CoreMedia.framework */ = {isa = PBXFileReference; lastKnownFileType = wrapper.framework; name = CoreMedia.framework; path = System/Library/Frameworks/CoreMedia.framework; sourceTree = SDKROOT; };
		FDEB62941913DB7B00BCA8D3 /* EventKit.framework */ = {isa = PBXFileReference; lastKnownFileType = wrapper.framework; name = EventKit.framework; path = System/Library/Frameworks/EventKit.framework; sourceTree = SDKROOT; };
		FDEB62961913DB8400BCA8D3 /* Social.framework */ = {isa = PBXFileReference; lastKnownFileType = wrapper.framework; name = Social.framework; path = System/Library/Frameworks/Social.framework; sourceTree = SDKROOT; };
		FDEB62981913DB8D00BCA8D3 /* libz.dylib */ = {isa = PBXFileReference; lastKnownFileType = "compiled.mach-o.dylib"; name = libz.dylib; path = usr/lib/libz.dylib; sourceTree = SDKROOT; };
		FDEB629A1913DB9700BCA8D3 /* MediaPlayer.framework */ = {isa = PBXFileReference; lastKnownFileType = wrapper.framework; name = MediaPlayer.framework; path = System/Library/Frameworks/MediaPlayer.framework; sourceTree = SDKROOT; };
		FDEDCEDD1943F26E004FE801 /* JokerButton.h */ = {isa = PBXFileReference; fileEncoding = 4; lastKnownFileType = sourcecode.c.h; path = JokerButton.h; sourceTree = "<group>"; };
		FDEDCEDE1943F26E004FE801 /* JokerButton.m */ = {isa = PBXFileReference; fileEncoding = 4; lastKnownFileType = sourcecode.c.objc; path = JokerButton.m; sourceTree = "<group>"; };
		FDFF1E8A191921470099665A /* GuessView.h */ = {isa = PBXFileReference; fileEncoding = 4; lastKnownFileType = sourcecode.c.h; path = GuessView.h; sourceTree = "<group>"; };
		FDFF1E8B191921470099665A /* GuessView.m */ = {isa = PBXFileReference; fileEncoding = 4; lastKnownFileType = sourcecode.c.objc; path = GuessView.m; sourceTree = "<group>"; };
/* End PBXFileReference section */

/* Begin PBXFrameworksBuildPhase section */
		FDA0DF7A1906773E009F5541 /* Frameworks */ = {
			isa = PBXFrameworksBuildPhase;
			buildActionMask = 2147483647;
			files = (
				FDBCAA37193F314400D5A696 /* EventKitUI.framework in Frameworks */,
				FDBCAA27193F307700D5A696 /* libsqlite3.dylib in Frameworks */,
				FDEB629B1913DB9700BCA8D3 /* MediaPlayer.framework in Frameworks */,
				FD85FA111945409900977C56 /* libGoogleAnalyticsServices.a in Frameworks */,
				FDEB62991913DB8D00BCA8D3 /* libz.dylib in Frameworks */,
				FDEB62971913DB8400BCA8D3 /* Social.framework in Frameworks */,
				FDEB62951913DB7B00BCA8D3 /* EventKit.framework in Frameworks */,
				FDEB62931913DB7500BCA8D3 /* CoreMedia.framework in Frameworks */,
				FD3BB6D7190CEF8D008D8798 /* SystemConfiguration.framework in Frameworks */,
				FD3BB6D5190CEF67008D8798 /* CFNetwork.framework in Frameworks */,
				FD3BB6D3190CEF5D008D8798 /* MobileCoreServices.framework in Frameworks */,
				FD3BB6D1190CEF53008D8798 /* Security.framework in Frameworks */,
				FD3BB6CF190CEF4A008D8798 /* CoreTelephony.framework in Frameworks */,
				FD3BB6CD190CEF42008D8798 /* AdSupport.framework in Frameworks */,
				FD3BB6CB190CEF37008D8798 /* AudioToolbox.framework in Frameworks */,
				FD234F621942C7B5000F0F4F /* libAdapterInMobi.a in Frameworks */,
				FDEB62911913D94F00BCA8D3 /* AdColony.framework in Frameworks */,
				FD3BB6C9190CEF2E008D8798 /* AVFoundation.framework in Frameworks */,
				FD3BB6C6190CEED5008D8798 /* libcrypto.a in Frameworks */,
				FD3BB6C7190CEED5008D8798 /* libssl.a in Frameworks */,
				FDA0DF831906773E009F5541 /* CoreGraphics.framework in Frameworks */,
				FDA0DF851906773E009F5541 /* UIKit.framework in Frameworks */,
				FDA0DF811906773E009F5541 /* Foundation.framework in Frameworks */,
				FDA3F20C19202834007D07A8 /* FacebookSDK.framework in Frameworks */,
				FDBCAA35193F313600D5A696 /* libInMobi-4.3.0.a in Frameworks */,
				FD3BB6A4190CE23D008D8798 /* StoreKit.framework in Frameworks */,
				FD3BB6BA190CEE5C008D8798 /* libGoogleAdMobAds.a in Frameworks */,
			);
			runOnlyForDeploymentPostprocessing = 0;
		};
/* End PBXFrameworksBuildPhase section */

/* Begin PBXGroup section */
		FD3BB68F190CDAE5008D8798 /* Vendor */ = {
			isa = PBXGroup;
			children = (
				FD85FA091945409900977C56 /* GoogleAnalytics */,
				FDBCAA28193F313600D5A696 /* InMobi */,
				FDCAEF5B190E18BC00F6A640 /* mogenerator */,
				FD3BB6AF190CEE5C008D8798 /* Admob */,
				FD3BB690190CDB18008D8798 /* JASidePanels */,
				FD5F2F8D19300D7200266546 /* UIImage+ImageEffects.h */,
				FD5F2F8E19300D7200266546 /* UIImage+ImageEffects.m */,
			);
			name = Vendor;
			sourceTree = "<group>";
		};
		FD3BB690190CDB18008D8798 /* JASidePanels */ = {
			isa = PBXGroup;
			children = (
				FD3BB691190CDB18008D8798 /* JASidePanelController.h */,
				FD3BB692190CDB18008D8798 /* JASidePanelController.m */,
				FD3BB693190CDB18008D8798 /* UIViewController+JASidePanel.h */,
				FD3BB694190CDB18008D8798 /* UIViewController+JASidePanel.m */,
			);
			path = JASidePanels;
			sourceTree = "<group>";
		};
		FD3BB6AB190CEDFB008D8798 /* Pre-Game */ = {
			isa = PBXGroup;
			children = (
				FD3BB69A190CDB6D008D8798 /* MenuViewController.h */,
				FD3BB69B190CDB6D008D8798 /* MenuViewController.m */,
				FD3BB69D190CDB77008D8798 /* HomeViewController.h */,
				FD3BB69E190CDB77008D8798 /* HomeViewController.m */,
			);
			name = "Pre-Game";
			sourceTree = "<group>";
		};
		FD3BB6AC190CEE03008D8798 /* Containers */ = {
			isa = PBXGroup;
			children = (
				FD3BB697190CDB33008D8798 /* AppViewController.h */,
				FD3BB698190CDB33008D8798 /* AppViewController.m */,
				FD3BB6A8190CEDEA008D8798 /* AdvertisementNavigationController.h */,
				FD3BB6A9190CEDEA008D8798 /* AdvertisementNavigationController.m */,
			);
			name = Containers;
			sourceTree = "<group>";
		};
		FD3BB6AD190CEE14008D8798 /* In-Game */ = {
			isa = PBXGroup;
			children = (
				FDEB62851913ABA100BCA8D3 /* StoreViewController.h */,
				FDEB62861913ABA100BCA8D3 /* StoreViewController.m */,
				FD3BB6A5190CEC07008D8798 /* GameViewController.h */,
				FD3BB6A6190CEC07008D8798 /* GameViewController.m */,
				FDA3F206191DEDCB007D07A8 /* GameViewController+SocialMedia.h */,
				FDA3F207191DEDCB007D07A8 /* GameViewController+SocialMedia.m */,
				FDBCAA1A193F18D300D5A696 /* GameViewController+Animations.h */,
				FDBCAA1B193F18D300D5A696 /* GameViewController+Animations.m */,
			);
			name = "In-Game";
			sourceTree = "<group>";
		};
		FD3BB6AE190CEE1A008D8798 /* Post-Game */ = {
			isa = PBXGroup;
			children = (
			);
			name = "Post-Game";
			sourceTree = "<group>";
		};
		FD3BB6AF190CEE5C008D8798 /* Admob */ = {
			isa = PBXGroup;
			children = (
				FD3BB6B0190CEE5C008D8798 /* GADAdMobExtras.h */,
				FD3BB6B1190CEE5C008D8798 /* GADAdNetworkExtras.h */,
				FD3BB6B2190CEE5C008D8798 /* GADAdSize.h */,
				FD3BB6B3190CEE5C008D8798 /* GADBannerView.h */,
				FD3BB6B4190CEE5C008D8798 /* GADBannerViewDelegate.h */,
				FD3BB6B5190CEE5C008D8798 /* GADInterstitial.h */,
				FD3BB6B6190CEE5C008D8798 /* GADInterstitialDelegate.h */,
				FD3BB6B7190CEE5C008D8798 /* GADRequest.h */,
				FD3BB6B8190CEE5C008D8798 /* GADRequestError.h */,
				FD3BB6B9190CEE5C008D8798 /* libGoogleAdMobAds.a */,
				FD234F611942C7B5000F0F4F /* libAdapterInMobi.a */,
			);
			path = Admob;
			sourceTree = "<group>";
		};
		FD85FA091945409900977C56 /* GoogleAnalytics */ = {
			isa = PBXGroup;
			children = (
				FD85FA0A1945409900977C56 /* GAI.h */,
				FD85FA0B1945409900977C56 /* GAIDictionaryBuilder.h */,
				FD85FA0C1945409900977C56 /* GAIFields.h */,
				FD85FA0D1945409900977C56 /* GAILogger.h */,
				FD85FA0E1945409900977C56 /* GAITrackedViewController.h */,
				FD85FA0F1945409900977C56 /* GAITracker.h */,
				FD85FA101945409900977C56 /* libGoogleAnalyticsServices.a */,
			);
			path = GoogleAnalytics;
			sourceTree = "<group>";
		};
		FDA0DF741906773E009F5541 = {
			isa = PBXGroup;
			children = (
				FDA0DFCD1906B7DA009F5541 /* sb_juste_nombre.pdf */,
				FD3BB68F190CDAE5008D8798 /* Vendor */,
				FDA0DF861906773E009F5541 /* Code */,
				FDA0DFAF19067777009F5541 /* Resources */,
				FDA0DF7F1906773E009F5541 /* Frameworks */,
				FDA0DF7E1906773E009F5541 /* Products */,
			);
			sourceTree = "<group>";
		};
		FDA0DF7E1906773E009F5541 /* Products */ = {
			isa = PBXGroup;
			children = (
				FDA0DF7D1906773E009F5541 /* JustNumber.app */,
			);
			name = Products;
			sourceTree = "<group>";
		};
		FDA0DF7F1906773E009F5541 /* Frameworks */ = {
			isa = PBXGroup;
			children = (
				FDBCAA36193F314400D5A696 /* EventKitUI.framework */,
				FDBCAA26193F307700D5A696 /* libsqlite3.dylib */,
				FDA3F20B19202834007D07A8 /* FacebookSDK.framework */,
				FDEB629A1913DB9700BCA8D3 /* MediaPlayer.framework */,
				FDEB62981913DB8D00BCA8D3 /* libz.dylib */,
				FDEB62961913DB8400BCA8D3 /* Social.framework */,
				FDEB62941913DB7B00BCA8D3 /* EventKit.framework */,
				FDEB62921913DB7500BCA8D3 /* CoreMedia.framework */,
				FDEB62901913D94F00BCA8D3 /* AdColony.framework */,
				FD3BB6D6190CEF8D008D8798 /* SystemConfiguration.framework */,
				FD3BB6D4190CEF67008D8798 /* CFNetwork.framework */,
				FD3BB6D2190CEF5D008D8798 /* MobileCoreServices.framework */,
				FD3BB6D0190CEF53008D8798 /* Security.framework */,
				FD3BB6CE190CEF4A008D8798 /* CoreTelephony.framework */,
				FD3BB6CC190CEF42008D8798 /* AdSupport.framework */,
				FD3BB6CA190CEF37008D8798 /* AudioToolbox.framework */,
				FD3BB6C8190CEF2E008D8798 /* AVFoundation.framework */,
				FD3BB6C4190CEED5008D8798 /* libcrypto.a */,
				FD3BB6C5190CEED5008D8798 /* libssl.a */,
				FD3BB6A3190CE23D008D8798 /* StoreKit.framework */,
				FDA0DF801906773E009F5541 /* Foundation.framework */,
				FDA0DF821906773E009F5541 /* CoreGraphics.framework */,
				FDA0DF841906773E009F5541 /* UIKit.framework */,
				FDA0DF991906773E009F5541 /* XCTest.framework */,
			);
			name = Frameworks;
			sourceTree = "<group>";
		};
		FDA0DF861906773E009F5541 /* Code */ = {
			isa = PBXGroup;
			children = (
				FDA0DF8E1906773E009F5541 /* JustNumber-Prefix.pch */,
				FDA0DF8C1906773E009F5541 /* main.m */,
				FDA0DFB219067786009F5541 /* Models */,
				FDA0DFB119067784009F5541 /* Views */,
				FDA0DFB019067782009F5541 /* Controllers */,
			);
			name = Code;
			path = JustNumber;
			sourceTree = "<group>";
		};
		FDA0DFAF19067777009F5541 /* Resources */ = {
			isa = PBXGroup;
			children = (
				FDEB6275191386A700BCA8D3 /* Seed Data */,
				FD3BB6A2190CE22F008D8798 /* JustNumber.entitlements */,
				FDA0DF881906773E009F5541 /* JustNumber-Info.plist */,
				FDA0DF891906773E009F5541 /* InfoPlist.strings */,
				FDA0DF921906773E009F5541 /* Images.xcassets */,
				FD3BB6A0190CDB8C008D8798 /* Storyboard.storyboard */,
				FDCAEF41190D765500F6A640 /* Data.xcdatamodeld */,
			);
			name = Resources;
			sourceTree = "<group>";
		};
		FDA0DFB019067782009F5541 /* Controllers */ = {
			isa = PBXGroup;
			children = (
				FD3BB6AC190CEE03008D8798 /* Containers */,
				FD3BB6AB190CEDFB008D8798 /* Pre-Game */,
				FD3BB6AD190CEE14008D8798 /* In-Game */,
				FD3BB6AE190CEE1A008D8798 /* Post-Game */,
				FDA0DF8F1906773E009F5541 /* AppDelegate.h */,
				FDA0DF901906773E009F5541 /* AppDelegate.m */,
			);
			name = Controllers;
			sourceTree = "<group>";
		};
		FDA0DFB119067784009F5541 /* Views */ = {
			isa = PBXGroup;
			children = (
				FDCAEEC6190CFDAB00F6A640 /* UINumberField.h */,
				FDCAEEC7190CFDAB00F6A640 /* UINumberField.m */,
				FDEB628C1913C52400BCA8D3 /* LifeCountView.h */,
				FDEB628D1913C52400BCA8D3 /* LifeCountView.m */,
				FDFF1E8A191921470099665A /* GuessView.h */,
				FDFF1E8B191921470099665A /* GuessView.m */,
				FDA8CBE01942B6EB0024383C /* ProductButton.h */,
				FDA8CBE11942B6EB0024383C /* ProductButton.m */,
				FDEDCEDD1943F26E004FE801 /* JokerButton.h */,
				FDEDCEDE1943F26E004FE801 /* JokerButton.m */,
				FD568ED619567003003FB492 /* PlayButton.h */,
				FD568ED719567003003FB492 /* PlayButton.m */,
			);
			name = Views;
			sourceTree = "<group>";
		};
		FDA0DFB219067786009F5541 /* Models */ = {
			isa = PBXGroup;
			children = (
				FDEB62821913A5EE00BCA8D3 /* LifeBank.h */,
				FDEB62831913A5EE00BCA8D3 /* LifeBank.m */,
				FDEB62691913851F00BCA8D3 /* NSLocale+ContentLanguages.h */,
				FDEB626A1913851F00BCA8D3 /* NSLocale+ContentLanguages.m */,
				FDEB626B1913851F00BCA8D3 /* NSBundle+Seeding.h */,
				FDEB626C1913851F00BCA8D3 /* NSBundle+Seeding.m */,
				FDCAEF60190E18D500F6A640 /* Entities */,
				FD3BB6BE190CEE9F008D8798 /* CoreDataStack.h */,
				FD3BB6BF190CEE9F008D8798 /* CoreDataStack.m */,
				FD3BB6BB190CEE94008D8798 /* ContentLock.h */,
				FD3BB6BC190CEE94008D8798 /* ContentLock.m */,
				FD9B21D81913828500D6129A /* UIApplication+Versioning.h */,
				FD9B21D91913828500D6129A /* UIApplication+Versioning.m */,
			);
			name = Models;
			sourceTree = "<group>";
		};
		FDBCAA28193F313600D5A696 /* InMobi */ = {
			isa = PBXGroup;
			children = (
				FDBCAA29193F313600D5A696 /* IMBanner.h */,
				FDBCAA2A193F313600D5A696 /* IMBannerDelegate.h */,
				FDBCAA2B193F313600D5A696 /* IMConstants.h */,
				FDBCAA2C193F313600D5A696 /* IMError.h */,
				FDBCAA2D193F313600D5A696 /* IMIncentivisedDelegate.h */,
				FDBCAA2E193F313600D5A696 /* IMInterstitial.h */,
				FDBCAA2F193F313600D5A696 /* IMInterstitialDelegate.h */,
				FDBCAA30193F313600D5A696 /* IMNative.h */,
				FDBCAA31193F313600D5A696 /* IMNativeDelegate.h */,
				FDBCAA32193F313600D5A696 /* InMobi.h */,
				FDBCAA33193F313600D5A696 /* InMobiAnalytics.h */,
				FDBCAA34193F313600D5A696 /* libInMobi-4.3.0.a */,
			);
			path = InMobi;
			sourceTree = "<group>";
		};
		FDCAEF5B190E18BC00F6A640 /* mogenerator */ = {
			isa = PBXGroup;
			children = (
				FDEB627D191386E200BCA8D3 /* _Score.m */,
				FDEB627E191386E200BCA8D3 /* _ScoreSheet.m */,
				FDCAEF5C190E18C700F6A640 /* _Level.m */,
				FDCAEF5D190E18C700F6A640 /* _Question.m */,
			);
			name = mogenerator;
			sourceTree = "<group>";
		};
		FDCAEF60190E18D500F6A640 /* Entities */ = {
			isa = PBXGroup;
			children = (
				FDEB6277191386D900BCA8D3 /* Score.h */,
				FDEB6278191386D900BCA8D3 /* Score.m */,
				FDEB6279191386D900BCA8D3 /* ScoreSheet.h */,
				FDEB627A191386D900BCA8D3 /* ScoreSheet.m */,
				FDCAEF61190E18E500F6A640 /* Level.h */,
				FDCAEF62190E18E500F6A640 /* Level.m */,
				FDCAEF63190E18E500F6A640 /* Question.h */,
				FDCAEF64190E18E500F6A640 /* Question.m */,
			);
			name = Entities;
			sourceTree = "<group>";
		};
/* End PBXGroup section */

/* Begin PBXNativeTarget section */
		FDA0DF7C1906773E009F5541 /* JustNumber */ = {
			isa = PBXNativeTarget;
			buildConfigurationList = FDA0DFA91906773E009F5541 /* Build configuration list for PBXNativeTarget "JustNumber" */;
			buildPhases = (
				FDCAEF5A190E184B00F6A640 /* ShellScript */,
				FDA0DF791906773E009F5541 /* Sources */,
				FDA0DF7A1906773E009F5541 /* Frameworks */,
				FDA0DF7B1906773E009F5541 /* Resources */,
			);
			buildRules = (
			);
			dependencies = (
			);
			name = JustNumber;
			productName = JustNumber;
			productReference = FDA0DF7D1906773E009F5541 /* JustNumber.app */;
			productType = "com.apple.product-type.application";
		};
/* End PBXNativeTarget section */

/* Begin PBXProject section */
		FDA0DF751906773E009F5541 /* Project object */ = {
			isa = PBXProject;
			attributes = {
				LastUpgradeCheck = 0510;
				ORGANIZATIONNAME = "Gilmert Bentley";
				TargetAttributes = {
					FDA0DF7C1906773E009F5541 = {
						DevelopmentTeam = SHLVY923BZ;
						SystemCapabilities = {
							com.apple.InAppPurchase = {
								enabled = 1;
							};
							com.apple.iCloud = {
								enabled = 1;
							};
						};
					};
				};
			};
			buildConfigurationList = FDA0DF781906773E009F5541 /* Build configuration list for PBXProject "JustNumber" */;
			compatibilityVersion = "Xcode 3.2";
			developmentRegion = English;
			hasScannedForEncodings = 0;
			knownRegions = (
				en,
			);
			mainGroup = FDA0DF741906773E009F5541;
			productRefGroup = FDA0DF7E1906773E009F5541 /* Products */;
			projectDirPath = "";
			projectRoot = "";
			targets = (
				FDA0DF7C1906773E009F5541 /* JustNumber */,
			);
		};
/* End PBXProject section */

/* Begin PBXResourcesBuildPhase section */
		FDA0DF7B1906773E009F5541 /* Resources */ = {
			isa = PBXResourcesBuildPhase;
			buildActionMask = 2147483647;
			files = (
				FDA0DF8B1906773E009F5541 /* InfoPlist.strings in Resources */,
				FDA0DF931906773E009F5541 /* Images.xcassets in Resources */,
				FDEB6276191386A700BCA8D3 /* Seed Data in Resources */,
				FD3BB6A1190CDB8C008D8798 /* Storyboard.storyboard in Resources */,
			);
			runOnlyForDeploymentPostprocessing = 0;
		};
/* End PBXResourcesBuildPhase section */

/* Begin PBXShellScriptBuildPhase section */
		FDCAEF5A190E184B00F6A640 /* ShellScript */ = {
			isa = PBXShellScriptBuildPhase;
			buildActionMask = 2147483647;
			files = (
			);
			inputPaths = (
			);
			outputPaths = (
			);
			runOnlyForDeploymentPostprocessing = 0;
			shellPath = /bin/sh;
			shellScript = "mogenerator -m \"JustNumber/Data.xcdatamodeld/Data.xcdatamodel/\" --template-var arc=true --output-dir \"JustNumber\"";
		};
/* End PBXShellScriptBuildPhase section */

/* Begin PBXSourcesBuildPhase section */
		FDA0DF791906773E009F5541 /* Sources */ = {
			isa = PBXSourcesBuildPhase;
			buildActionMask = 2147483647;
			files = (
				FDEB628E1913C52400BCA8D3 /* LifeCountView.m in Sources */,
				FDEB626E1913851F00BCA8D3 /* NSBundle+Seeding.m in Sources */,
				FD3BB6A7190CEC07008D8798 /* GameViewController.m in Sources */,
				FDEB627F191386E200BCA8D3 /* _Score.m in Sources */,
				FD3BB699190CDB33008D8798 /* AppViewController.m in Sources */,
				FDEB62841913A5EE00BCA8D3 /* LifeBank.m in Sources */,
				FDEB62871913ABA100BCA8D3 /* StoreViewController.m in Sources */,
				FDA8CBE21942B6EB0024383C /* ProductButton.m in Sources */,
				FD3BB69C190CDB6D008D8798 /* MenuViewController.m in Sources */,
				FDFF1E8C191921470099665A /* GuessView.m in Sources */,
				FDEDCEDF1943F26E004FE801 /* JokerButton.m in Sources */,
				FDEB627C191386D900BCA8D3 /* ScoreSheet.m in Sources */,
				FDA0DF911906773E009F5541 /* AppDelegate.m in Sources */,
				FD3BB6AA190CEDEA008D8798 /* AdvertisementNavigationController.m in Sources */,
				FDBCAA1C193F18D300D5A696 /* GameViewController+Animations.m in Sources */,
				FD3BB6C2190CEE9F008D8798 /* CoreDataStack.m in Sources */,
				FDCAEF66190E18E500F6A640 /* Question.m in Sources */,
				FDCAEF43190D765500F6A640 /* Data.xcdatamodeld in Sources */,
				FD3BB696190CDB18008D8798 /* UIViewController+JASidePanel.m in Sources */,
				FDCAEF5F190E18C700F6A640 /* _Question.m in Sources */,
				FDEB626D1913851F00BCA8D3 /* NSLocale+ContentLanguages.m in Sources */,
				FDCAEF5E190E18C700F6A640 /* _Level.m in Sources */,
				FDEB627B191386D900BCA8D3 /* Score.m in Sources */,
				FDEB6280191386E200BCA8D3 /* _ScoreSheet.m in Sources */,
				FDCAEF65190E18E500F6A640 /* Level.m in Sources */,
				FDA0DF8D1906773E009F5541 /* main.m in Sources */,
				FD568ED819567003003FB492 /* PlayButton.m in Sources */,
				FDA3F208191DEDCB007D07A8 /* GameViewController+SocialMedia.m in Sources */,
				FD3BB69F190CDB77008D8798 /* HomeViewController.m in Sources */,
				FD5F2F8F19300D7200266546 /* UIImage+ImageEffects.m in Sources */,
				FD3BB6BD190CEE94008D8798 /* ContentLock.m in Sources */,
				FD3BB695190CDB18008D8798 /* JASidePanelController.m in Sources */,
				FDCAEEC8190CFDAB00F6A640 /* UINumberField.m in Sources */,
			);
			runOnlyForDeploymentPostprocessing = 0;
		};
/* End PBXSourcesBuildPhase section */

/* Begin PBXVariantGroup section */
		FDA0DF891906773E009F5541 /* InfoPlist.strings */ = {
			isa = PBXVariantGroup;
			children = (
				FDA0DF8A1906773E009F5541 /* en */,
			);
			name = InfoPlist.strings;
			path = JustNumber;
			sourceTree = "<group>";
		};
/* End PBXVariantGroup section */

/* Begin XCBuildConfiguration section */
		FDA0DFA71906773E009F5541 /* Debug */ = {
			isa = XCBuildConfiguration;
			buildSettings = {
				ALWAYS_SEARCH_USER_PATHS = NO;
				CLANG_CXX_LANGUAGE_STANDARD = "gnu++0x";
				CLANG_CXX_LIBRARY = "libc++";
				CLANG_ENABLE_MODULES = YES;
				CLANG_ENABLE_OBJC_ARC = YES;
				CLANG_WARN_BOOL_CONVERSION = YES;
				CLANG_WARN_CONSTANT_CONVERSION = YES;
				CLANG_WARN_DIRECT_OBJC_ISA_USAGE = YES_ERROR;
				CLANG_WARN_EMPTY_BODY = YES;
				CLANG_WARN_ENUM_CONVERSION = YES;
				CLANG_WARN_INT_CONVERSION = YES;
				CLANG_WARN_OBJC_ROOT_CLASS = YES_ERROR;
				CLANG_WARN__DUPLICATE_METHOD_MATCH = YES;
				"CODE_SIGN_IDENTITY[sdk=iphoneos*]" = "iPhone Developer";
				COPY_PHASE_STRIP = NO;
				GCC_C_LANGUAGE_STANDARD = gnu99;
				GCC_DYNAMIC_NO_PIC = NO;
				GCC_OPTIMIZATION_LEVEL = 0;
				GCC_PREPROCESSOR_DEFINITIONS = (
					"DEBUG=1",
					"$(inherited)",
				);
				GCC_SYMBOLS_PRIVATE_EXTERN = NO;
				GCC_WARN_64_TO_32_BIT_CONVERSION = YES;
				GCC_WARN_ABOUT_RETURN_TYPE = YES_ERROR;
				GCC_WARN_UNDECLARED_SELECTOR = YES;
				GCC_WARN_UNINITIALIZED_AUTOS = YES_AGGRESSIVE;
				GCC_WARN_UNUSED_FUNCTION = YES;
				GCC_WARN_UNUSED_VARIABLE = YES;
				IPHONEOS_DEPLOYMENT_TARGET = 7.1;
				ONLY_ACTIVE_ARCH = YES;
				SDKROOT = iphoneos;
				TARGETED_DEVICE_FAMILY = "1,2";
			};
			name = Debug;
		};
		FDA0DFA81906773E009F5541 /* Release */ = {
			isa = XCBuildConfiguration;
			buildSettings = {
				ALWAYS_SEARCH_USER_PATHS = NO;
				CLANG_CXX_LANGUAGE_STANDARD = "gnu++0x";
				CLANG_CXX_LIBRARY = "libc++";
				CLANG_ENABLE_MODULES = YES;
				CLANG_ENABLE_OBJC_ARC = YES;
				CLANG_WARN_BOOL_CONVERSION = YES;
				CLANG_WARN_CONSTANT_CONVERSION = YES;
				CLANG_WARN_DIRECT_OBJC_ISA_USAGE = YES_ERROR;
				CLANG_WARN_EMPTY_BODY = YES;
				CLANG_WARN_ENUM_CONVERSION = YES;
				CLANG_WARN_INT_CONVERSION = YES;
				CLANG_WARN_OBJC_ROOT_CLASS = YES_ERROR;
				CLANG_WARN__DUPLICATE_METHOD_MATCH = YES;
				"CODE_SIGN_IDENTITY[sdk=iphoneos*]" = "iPhone Developer";
				COPY_PHASE_STRIP = YES;
				ENABLE_NS_ASSERTIONS = NO;
				GCC_C_LANGUAGE_STANDARD = gnu99;
				GCC_WARN_64_TO_32_BIT_CONVERSION = YES;
				GCC_WARN_ABOUT_RETURN_TYPE = YES_ERROR;
				GCC_WARN_UNDECLARED_SELECTOR = YES;
				GCC_WARN_UNINITIALIZED_AUTOS = YES_AGGRESSIVE;
				GCC_WARN_UNUSED_FUNCTION = YES;
				GCC_WARN_UNUSED_VARIABLE = YES;
				IPHONEOS_DEPLOYMENT_TARGET = 7.1;
				SDKROOT = iphoneos;
				TARGETED_DEVICE_FAMILY = "1,2";
				VALIDATE_PRODUCT = YES;
			};
			name = Release;
		};
		FDA0DFAA1906773E009F5541 /* Debug */ = {
			isa = XCBuildConfiguration;
			buildSettings = {
				ASSETCATALOG_COMPILER_APPICON_NAME = AppIcon;
				ASSETCATALOG_COMPILER_LAUNCHIMAGE_NAME = LaunchImage;
				CODE_SIGN_ENTITLEMENTS = JustNumber/JustNumber.entitlements;
				CODE_SIGN_IDENTITY = "iPhone Developer";
				"CODE_SIGN_IDENTITY[sdk=iphoneos*]" = "iPhone Developer";
				FRAMEWORK_SEARCH_PATHS = (
					"$(inherited)",
					"$(PROJECT_DIR)/AdColony",
					"$(PROJECT_DIR)",
				);
				GCC_PRECOMPILE_PREFIX_HEADER = YES;
				GCC_PREFIX_HEADER = "JustNumber/JustNumber-Prefix.pch";
				HEADER_SEARCH_PATHS = (
					"$(inherited)",
					/Applications/Xcode.app/Contents/Developer/Toolchains/XcodeDefault.xctoolchain/usr/include,
					OpenSSL,
				);
				INFOPLIST_FILE = "JustNumber/JustNumber-Info.plist";
				IPHONEOS_DEPLOYMENT_TARGET = 7.0;
				LIBRARY_SEARCH_PATHS = (
					"$(inherited)",
					"$(PROJECT_DIR)/Admob",
					"$(PROJECT_DIR)/OpenSSL",
					"$(PROJECT_DIR)/GoogleAnalytics",
					"$(PROJECT_DIR)/InMobi",
					"$(PROJECT_DIR)/Chartboost",
				);
				OTHER_LDFLAGS = "-ObjC";
				PRODUCT_NAME = "$(TARGET_NAME)";
				PROVISIONING_PROFILE = "";
				TARGETED_DEVICE_FAMILY = 1;
				WRAPPER_EXTENSION = app;
			};
			name = Debug;
		};
		FDA0DFAB1906773E009F5541 /* Release */ = {
			isa = XCBuildConfiguration;
			buildSettings = {
				ASSETCATALOG_COMPILER_APPICON_NAME = AppIcon;
				ASSETCATALOG_COMPILER_LAUNCHIMAGE_NAME = LaunchImage;
				CODE_SIGN_ENTITLEMENTS = JustNumber/JustNumber.entitlements;
				CODE_SIGN_IDENTITY = "iPhone Distribution: Gilmert Bentley (SHLVY923BZ)";
				"CODE_SIGN_IDENTITY[sdk=iphoneos*]" = "iPhone Distribution: Gilmert Bentley (SHLVY923BZ)";
				FRAMEWORK_SEARCH_PATHS = (
					"$(inherited)",
					"$(PROJECT_DIR)/AdColony",
					"$(PROJECT_DIR)",
				);
				GCC_PRECOMPILE_PREFIX_HEADER = YES;
				GCC_PREFIX_HEADER = "JustNumber/JustNumber-Prefix.pch";
				HEADER_SEARCH_PATHS = (
					"$(inherited)",
					/Applications/Xcode.app/Contents/Developer/Toolchains/XcodeDefault.xctoolchain/usr/include,
					OpenSSL,
				);
				INFOPLIST_FILE = "JustNumber/JustNumber-Info.plist";
				IPHONEOS_DEPLOYMENT_TARGET = 7.0;
				LIBRARY_SEARCH_PATHS = (
					"$(inherited)",
					"$(PROJECT_DIR)/Admob",
					"$(PROJECT_DIR)/OpenSSL",
					"$(PROJECT_DIR)/GoogleAnalytics",
					"$(PROJECT_DIR)/InMobi",
					"$(PROJECT_DIR)/Chartboost",
				);
				OTHER_LDFLAGS = "-ObjC";
				PRODUCT_NAME = "$(TARGET_NAME)";
				PROVISIONING_PROFILE = "704DF227-D0FF-478D-828E-AE2DFD6461CC";
				TARGETED_DEVICE_FAMILY = 1;
				WRAPPER_EXTENSION = app;
			};
			name = Release;
		};
/* End XCBuildConfiguration section */

/* Begin XCConfigurationList section */
		FDA0DF781906773E009F5541 /* Build configuration list for PBXProject "JustNumber" */ = {
			isa = XCConfigurationList;
			buildConfigurations = (
				FDA0DFA71906773E009F5541 /* Debug */,
				FDA0DFA81906773E009F5541 /* Release */,
			);
			defaultConfigurationIsVisible = 0;
			defaultConfigurationName = Release;
		};
		FDA0DFA91906773E009F5541 /* Build configuration list for PBXNativeTarget "JustNumber" */ = {
			isa = XCConfigurationList;
			buildConfigurations = (
				FDA0DFAA1906773E009F5541 /* Debug */,
				FDA0DFAB1906773E009F5541 /* Release */,
			);
			defaultConfigurationIsVisible = 0;
			defaultConfigurationName = Release;
		};
/* End XCConfigurationList section */

/* Begin XCVersionGroup section */
		FDCAEF41190D765500F6A640 /* Data.xcdatamodeld */ = {
			isa = XCVersionGroup;
			children = (
				FDCAEF42190D765500F6A640 /* Data.xcdatamodel */,
			);
			currentVersion = FDCAEF42190D765500F6A640 /* Data.xcdatamodel */;
			name = Data.xcdatamodeld;
			path = JustNumber/Data.xcdatamodeld;
			sourceTree = "<group>";
			versionGroupType = wrapper.xcdatamodel;
		};
/* End XCVersionGroup section */
	};
	rootObject = FDA0DF751906773E009F5541 /* Project object */;
}
